
Microsoft Visual Studio Solution File, Format Version 12.00
# Visual Studio Version 17
VisualStudioVersion = 17.12.35506.116
MinimumVisualStudioVersion = 10.0.40219.1
Project("{2150E333-8FDC-42A3-9474-1A3956D46DE8}") = "test", "test", "{30EF027A-063B-4E60-A907-6D409C7122B9}"
	ProjectSection(SolutionItems) = preProject
		test\Directory.Build.props = test\Directory.Build.props
	EndProjectSection
EndProject
Project("{2150E333-8FDC-42A3-9474-1A3956D46DE8}") = "src", "src", "{817D5AA1-DF3E-46CC-BA59-F1B78A450C9C}"
EndProject
Project("{2150E333-8FDC-42A3-9474-1A3956D46DE8}") = "Renderers", "Renderers", "{57171456-D357-4D48-A05E-064ECE98412A}"
EndProject
Project("{2150E333-8FDC-42A3-9474-1A3956D46DE8}") = "Senders", "Senders", "{E71D8034-C941-4042-B2C8-CB57801692B7}"
EndProject
Project("{2150E333-8FDC-42A3-9474-1A3956D46DE8}") = "Solution Items", "Solution Items", "{A3FFFE2C-638F-4BE2-B495-1BB35D5AF27F}"
	ProjectSection(SolutionItems) = preProject
		CHANGELOG.md = CHANGELOG.md
		src\Directory.Build.props = src\Directory.Build.props
		README.md = README.md
	EndProjectSection
EndProject
Project("{2150E333-8FDC-42A3-9474-1A3956D46DE8}") = "Renderers", "Renderers", "{393A4CD6-B959-4F9A-81FE-279A5DB01151}"
EndProject
Project("{FAE04EC0-301F-11D3-BF4B-00C04F79EFBC}") = "FluentEmail.Core", "src\FluentEmail.Core\FluentEmail.Core.csproj", "{07C9491F-C68B-458E-A471-D96CAF339B70}"
EndProject
Project("{FAE04EC0-301F-11D3-BF4B-00C04F79EFBC}") = "FluentEmail.Razor", "src\Renderers\FluentEmail.Razor\FluentEmail.Razor.csproj", "{8CC89F36-0FD6-44C2-BBC5-22519ADC7C8D}"
EndProject
Project("{FAE04EC0-301F-11D3-BF4B-00C04F79EFBC}") = "FluentEmail.Core.Tests", "test\FluentEmail.Core.Tests\FluentEmail.Core.Tests.csproj", "{71F9D330-7CBC-44EE-9D04-D3B2263158A4}"
EndProject
Project("{FAE04EC0-301F-11D3-BF4B-00C04F79EFBC}") = "FluentEmail.Smtp", "src\Senders\FluentEmail.Smtp\FluentEmail.Smtp.csproj", "{38771243-32BB-402E-AC63-A21EF551D939}"
EndProject
Project("{FAE04EC0-301F-11D3-BF4B-00C04F79EFBC}") = "FluentEmail.Razor.Tests", "test\FluentEmail.Razor.Tests\FluentEmail.Razor.Tests.csproj", "{9F4F035C-5C23-4933-8FF6-09628DBCC028}"
EndProject
Project("{FAE04EC0-301F-11D3-BF4B-00C04F79EFBC}") = "FluentEmail.Mailgun", "src\Senders\FluentEmail.Mailgun\FluentEmail.Mailgun.csproj", "{30F718CD-ED33-4536-96A2-DD64534EF1A7}"
EndProject
Project("{FAE04EC0-301F-11D3-BF4B-00C04F79EFBC}") = "FluentEmail.SendGrid", "src\Senders\FluentEmail.SendGrid\FluentEmail.SendGrid.csproj", "{42977F35-17AB-474A-9A6E-54E9C5E385DF}"
EndProject
Project("{FAE04EC0-301F-11D3-BF4B-00C04F79EFBC}") = "FluentEmail.Mailtrap", "src\Senders\FluentEmail.Mailtrap\FluentEmail.Mailtrap.csproj", "{453DB2BE-BF99-4D87-9FCC-882589084DEA}"
EndProject
Project("{FAE04EC0-301F-11D3-BF4B-00C04F79EFBC}") = "FluentEmail.MailKit", "src\Senders\FluentEmail.MailKit\FluentEmail.MailKit.csproj", "{E5E25C15-87A2-4D1F-88CD-9482F7FF4907}"
EndProject
Project("{FAE04EC0-301F-11D3-BF4B-00C04F79EFBC}") = "FluentEmail.Graph", "src\Senders\FluentEmail.Graph\FluentEmail.Graph.csproj", "{50BDA803-8F18-4C3A-AECD-679037035CBC}"
EndProject
Project("{FAE04EC0-301F-11D3-BF4B-00C04F79EFBC}") = "FluentEmail.Liquid", "src\Renderers\FluentEmail.Liquid\FluentEmail.Liquid.csproj", "{27BAB377-0B4A-4CA8-99BC-7F622259600E}"
EndProject
Project("{FAE04EC0-301F-11D3-BF4B-00C04F79EFBC}") = "FluentEmail.Liquid.Tests", "test\FluentEmail.Liquid.Tests\FluentEmail.Liquid.Tests.csproj", "{201B0CBB-DC7A-49CB-AF63-954E03261AF0}"
EndProject
Global
	GlobalSection(SolutionConfigurationPlatforms) = preSolution
		Debug|Any CPU = Debug|Any CPU
		Release|Any CPU = Release|Any CPU
	EndGlobalSection
	GlobalSection(ProjectConfigurationPlatforms) = postSolution
		{07C9491F-C68B-458E-A471-D96CAF339B70}.Debug|Any CPU.ActiveCfg = Debug|Any CPU
		{07C9491F-C68B-458E-A471-D96CAF339B70}.Debug|Any CPU.Build.0 = Debug|Any CPU
		{07C9491F-C68B-458E-A471-D96CAF339B70}.Release|Any CPU.ActiveCfg = Release|Any CPU
		{07C9491F-C68B-458E-A471-D96CAF339B70}.Release|Any CPU.Build.0 = Release|Any CPU
		{8CC89F36-0FD6-44C2-BBC5-22519ADC7C8D}.Debug|Any CPU.ActiveCfg = Debug|Any CPU
		{8CC89F36-0FD6-44C2-BBC5-22519ADC7C8D}.Debug|Any CPU.Build.0 = Debug|Any CPU
		{8CC89F36-0FD6-44C2-BBC5-22519ADC7C8D}.Release|Any CPU.ActiveCfg = Release|Any CPU
		{8CC89F36-0FD6-44C2-BBC5-22519ADC7C8D}.Release|Any CPU.Build.0 = Release|Any CPU
		{71F9D330-7CBC-44EE-9D04-D3B2263158A4}.Debug|Any CPU.ActiveCfg = Debug|Any CPU
		{71F9D330-7CBC-44EE-9D04-D3B2263158A4}.Debug|Any CPU.Build.0 = Debug|Any CPU
		{71F9D330-7CBC-44EE-9D04-D3B2263158A4}.Release|Any CPU.ActiveCfg = Release|Any CPU
		{71F9D330-7CBC-44EE-9D04-D3B2263158A4}.Release|Any CPU.Build.0 = Release|Any CPU
		{38771243-32BB-402E-AC63-A21EF551D939}.Debug|Any CPU.ActiveCfg = Debug|Any CPU
		{38771243-32BB-402E-AC63-A21EF551D939}.Debug|Any CPU.Build.0 = Debug|Any CPU
		{38771243-32BB-402E-AC63-A21EF551D939}.Release|Any CPU.ActiveCfg = Release|Any CPU
		{38771243-32BB-402E-AC63-A21EF551D939}.Release|Any CPU.Build.0 = Release|Any CPU
		{9F4F035C-5C23-4933-8FF6-09628DBCC028}.Debug|Any CPU.ActiveCfg = Debug|Any CPU
		{9F4F035C-5C23-4933-8FF6-09628DBCC028}.Debug|Any CPU.Build.0 = Debug|Any CPU
		{9F4F035C-5C23-4933-8FF6-09628DBCC028}.Release|Any CPU.ActiveCfg = Release|Any CPU
		{9F4F035C-5C23-4933-8FF6-09628DBCC028}.Release|Any CPU.Build.0 = Release|Any CPU
		{30F718CD-ED33-4536-96A2-DD64534EF1A7}.Debug|Any CPU.ActiveCfg = Debug|Any CPU
		{30F718CD-ED33-4536-96A2-DD64534EF1A7}.Debug|Any CPU.Build.0 = Debug|Any CPU
		{30F718CD-ED33-4536-96A2-DD64534EF1A7}.Release|Any CPU.ActiveCfg = Release|Any CPU
		{30F718CD-ED33-4536-96A2-DD64534EF1A7}.Release|Any CPU.Build.0 = Release|Any CPU
		{42977F35-17AB-474A-9A6E-54E9C5E385DF}.Debug|Any CPU.ActiveCfg = Debug|Any CPU
		{42977F35-17AB-474A-9A6E-54E9C5E385DF}.Debug|Any CPU.Build.0 = Debug|Any CPU
		{42977F35-17AB-474A-9A6E-54E9C5E385DF}.Release|Any CPU.ActiveCfg = Release|Any CPU
		{42977F35-17AB-474A-9A6E-54E9C5E385DF}.Release|Any CPU.Build.0 = Release|Any CPU
		{453DB2BE-BF99-4D87-9FCC-882589084DEA}.Debug|Any CPU.ActiveCfg = Debug|Any CPU
		{453DB2BE-BF99-4D87-9FCC-882589084DEA}.Debug|Any CPU.Build.0 = Debug|Any CPU
		{453DB2BE-BF99-4D87-9FCC-882589084DEA}.Release|Any CPU.ActiveCfg = Release|Any CPU
		{453DB2BE-BF99-4D87-9FCC-882589084DEA}.Release|Any CPU.Build.0 = Release|Any CPU
		{E5E25C15-87A2-4D1F-88CD-9482F7FF4907}.Debug|Any CPU.ActiveCfg = Debug|Any CPU
		{E5E25C15-87A2-4D1F-88CD-9482F7FF4907}.Debug|Any CPU.Build.0 = Debug|Any CPU
		{E5E25C15-87A2-4D1F-88CD-9482F7FF4907}.Release|Any CPU.ActiveCfg = Release|Any CPU
		{E5E25C15-87A2-4D1F-88CD-9482F7FF4907}.Release|Any CPU.Build.0 = Release|Any CPU
		{50BDA803-8F18-4C3A-AECD-679037035CBC}.Debug|Any CPU.ActiveCfg = Debug|Any CPU
		{50BDA803-8F18-4C3A-AECD-679037035CBC}.Debug|Any CPU.Build.0 = Debug|Any CPU
		{50BDA803-8F18-4C3A-AECD-679037035CBC}.Release|Any CPU.ActiveCfg = Release|Any CPU
		{50BDA803-8F18-4C3A-AECD-679037035CBC}.Release|Any CPU.Build.0 = Release|Any CPU
		{27BAB377-0B4A-4CA8-99BC-7F622259600E}.Debug|Any CPU.ActiveCfg = Debug|Any CPU
		{27BAB377-0B4A-4CA8-99BC-7F622259600E}.Debug|Any CPU.Build.0 = Debug|Any CPU
		{27BAB377-0B4A-4CA8-99BC-7F622259600E}.Release|Any CPU.ActiveCfg = Release|Any CPU
		{27BAB377-0B4A-4CA8-99BC-7F622259600E}.Release|Any CPU.Build.0 = Release|Any CPU
		{201B0CBB-DC7A-49CB-AF63-954E03261AF0}.Debug|Any CPU.ActiveCfg = Debug|Any CPU
		{201B0CBB-DC7A-49CB-AF63-954E03261AF0}.Debug|Any CPU.Build.0 = Debug|Any CPU
		{201B0CBB-DC7A-49CB-AF63-954E03261AF0}.Release|Any CPU.ActiveCfg = Release|Any CPU
		{201B0CBB-DC7A-49CB-AF63-954E03261AF0}.Release|Any CPU.Build.0 = Release|Any CPU
	EndGlobalSection
	GlobalSection(SolutionProperties) = preSolution
		HideSolutionNode = FALSE
	EndGlobalSection
	GlobalSection(NestedProjects) = preSolution
		{57171456-D357-4D48-A05E-064ECE98412A} = {817D5AA1-DF3E-46CC-BA59-F1B78A450C9C}
		{E71D8034-C941-4042-B2C8-CB57801692B7} = {817D5AA1-DF3E-46CC-BA59-F1B78A450C9C}
		{393A4CD6-B959-4F9A-81FE-279A5DB01151} = {30EF027A-063B-4E60-A907-6D409C7122B9}
		{07C9491F-C68B-458E-A471-D96CAF339B70} = {817D5AA1-DF3E-46CC-BA59-F1B78A450C9C}
		{8CC89F36-0FD6-44C2-BBC5-22519ADC7C8D} = {57171456-D357-4D48-A05E-064ECE98412A}
		{71F9D330-7CBC-44EE-9D04-D3B2263158A4} = {30EF027A-063B-4E60-A907-6D409C7122B9}
		{38771243-32BB-402E-AC63-A21EF551D939} = {E71D8034-C941-4042-B2C8-CB57801692B7}
		{9F4F035C-5C23-4933-8FF6-09628DBCC028} = {393A4CD6-B959-4F9A-81FE-279A5DB01151}
		{30F718CD-ED33-4536-96A2-DD64534EF1A7} = {E71D8034-C941-4042-B2C8-CB57801692B7}
		{42977F35-17AB-474A-9A6E-54E9C5E385DF} = {E71D8034-C941-4042-B2C8-CB57801692B7}
		{453DB2BE-BF99-4D87-9FCC-882589084DEA} = {E71D8034-C941-4042-B2C8-CB57801692B7}
		{E5E25C15-87A2-4D1F-88CD-9482F7FF4907} = {E71D8034-C941-4042-B2C8-CB57801692B7}
		{50BDA803-8F18-4C3A-AECD-679037035CBC} = {E71D8034-C941-4042-B2C8-CB57801692B7}
		{27BAB377-0B4A-4CA8-99BC-7F622259600E} = {57171456-D357-4D48-A05E-064ECE98412A}
		{201B0CBB-DC7A-49CB-AF63-954E03261AF0} = {393A4CD6-B959-4F9A-81FE-279A5DB01151}
	EndGlobalSection
	GlobalSection(ExtensibilityGlobals) = postSolution
		SolutionGuid = {23736554-5288-4B30-9710-B4D9880BCF0B}
	EndGlobalSection
	GlobalSection(TestCaseManagementSettings) = postSolution
		CategoryFile = FluentEmail.vsmdi
	EndGlobalSection
EndGlobal
